{"version":4,"terraform_version":"1.8.4","serial":367,"lineage":"5da22c8f-6f5e-63bb-5a44-ee2d8e796e99","outputs":{"app_repo":{"value":"345594603419.dkr.ecr.us-west-1.amazonaws.com/zipline-ai/demo-app","type":"string"},"frontend_repo":{"value":"345594603419.dkr.ecr.us-west-1.amazonaws.com/zipline-ai/demo-frontend","type":"string"}},"resources":[{"mode":"data","type":"aws_iam_policy_document","name":"ec2_assume_role","provider":"provider[\"registry.opentofu.org/hashicorp/aws\"]","instances":[{"schema_version":0,"attributes":{"id":"2851119427","json":"{\n  \"Version\": \"2012-10-17\",\n  \"Statement\": [\n    {\n      \"Effect\": \"Allow\",\n      \"Action\": \"sts:AssumeRole\",\n      \"Principal\": {\n        \"Service\": \"ec2.amazonaws.com\"\n      }\n    }\n  ]\n}","minified_json":"{\"Version\":\"2012-10-17\",\"Statement\":[{\"Effect\":\"Allow\",\"Action\":\"sts:AssumeRole\",\"Principal\":{\"Service\":\"ec2.amazonaws.com\"}}]}","override_json":null,"override_policy_documents":null,"policy_id":null,"source_json":null,"source_policy_documents":null,"statement":[{"actions":["sts:AssumeRole"],"condition":[],"effect":"Allow","not_actions":[],"not_principals":[],"not_resources":[],"principals":[{"identifiers":["ec2.amazonaws.com"],"type":"Service"}],"resources":[],"sid":""}],"version":"2012-10-17"},"sensitive_attributes":[]}]},{"mode":"data","type":"aws_iam_policy_document","name":"eks_assume_role","provider":"provider[\"registry.opentofu.org/hashicorp/aws\"]","instances":[{"schema_version":0,"attributes":{"id":"3552664922","json":"{\n  \"Version\": \"2012-10-17\",\n  \"Statement\": [\n    {\n      \"Effect\": \"Allow\",\n      \"Action\": \"sts:AssumeRole\",\n      \"Principal\": {\n        \"Service\": \"eks.amazonaws.com\"\n      }\n    }\n  ]\n}","minified_json":"{\"Version\":\"2012-10-17\",\"Statement\":[{\"Effect\":\"Allow\",\"Action\":\"sts:AssumeRole\",\"Principal\":{\"Service\":\"eks.amazonaws.com\"}}]}","override_json":null,"override_policy_documents":null,"policy_id":null,"source_json":null,"source_policy_documents":null,"statement":[{"actions":["sts:AssumeRole"],"condition":[],"effect":"Allow","not_actions":[],"not_principals":[],"not_resources":[],"principals":[{"identifiers":["eks.amazonaws.com"],"type":"Service"}],"resources":[],"sid":""}],"version":"2012-10-17"},"sensitive_attributes":[]}]},{"mode":"data","type":"aws_iam_policy_document","name":"iam_eks_access_entry_policy","provider":"provider[\"registry.opentofu.org/hashicorp/aws\"]","instances":[{"schema_version":0,"attributes":{"id":"1755983259","json":"{\n  \"Version\": \"2012-10-17\",\n  \"Statement\": [\n    {\n      \"Effect\": \"Allow\",\n      \"Action\": [\n        \"eks:ListAssociatedAccessPolicies\",\n        \"eks:DisassociateAccessPolicy\",\n        \"eks:DescribeAccessEntry\",\n        \"eks:DeleteAccessEntry\",\n        \"eks:CreateAccessEntry\",\n        \"eks:AssociateAccessPolicy\"\n      ],\n      \"Resource\": \"*\"\n    }\n  ]\n}","minified_json":"{\"Version\":\"2012-10-17\",\"Statement\":[{\"Effect\":\"Allow\",\"Action\":[\"eks:ListAssociatedAccessPolicies\",\"eks:DisassociateAccessPolicy\",\"eks:DescribeAccessEntry\",\"eks:DeleteAccessEntry\",\"eks:CreateAccessEntry\",\"eks:AssociateAccessPolicy\"],\"Resource\":\"*\"}]}","override_json":null,"override_policy_documents":null,"policy_id":null,"source_json":null,"source_policy_documents":null,"statement":[{"actions":["eks:AssociateAccessPolicy","eks:CreateAccessEntry","eks:DeleteAccessEntry","eks:DescribeAccessEntry","eks:DisassociateAccessPolicy","eks:ListAssociatedAccessPolicies"],"condition":[],"effect":"Allow","not_actions":[],"not_principals":[],"not_resources":[],"principals":[],"resources":["*"],"sid":""}],"version":"2012-10-17"},"sensitive_attributes":[]}]},{"mode":"managed","type":"aws_ecr_repository","name":"app","provider":"provider[\"registry.opentofu.org/hashicorp/aws\"]","instances":[{"schema_version":0,"attributes":{"arn":"arn:aws:ecr:us-west-1:345594603419:repository/zipline-ai/demo-app","encryption_configuration":[{"encryption_type":"AES256","kms_key":""}],"force_delete":null,"id":"zipline-ai/demo-app","image_scanning_configuration":[{"scan_on_push":true}],"image_tag_mutability":"MUTABLE","name":"zipline-ai/demo-app","registry_id":"345594603419","repository_url":"345594603419.dkr.ecr.us-west-1.amazonaws.com/zipline-ai/demo-app","tags":{},"tags_all":{},"timeouts":null},"sensitive_attributes":[],"private":"eyJlMmJmYjczMC1lY2FhLTExZTYtOGY4OC0zNDM2M2JjN2M0YzAiOnsiZGVsZXRlIjoxMjAwMDAwMDAwMDAwfX0="}]},{"mode":"managed","type":"aws_ecr_repository","name":"frontend","provider":"provider[\"registry.opentofu.org/hashicorp/aws\"]","instances":[{"schema_version":0,"attributes":{"arn":"arn:aws:ecr:us-west-1:345594603419:repository/zipline-ai/demo-frontend","encryption_configuration":[{"encryption_type":"AES256","kms_key":""}],"force_delete":null,"id":"zipline-ai/demo-frontend","image_scanning_configuration":[{"scan_on_push":true}],"image_tag_mutability":"MUTABLE","name":"zipline-ai/demo-frontend","registry_id":"345594603419","repository_url":"345594603419.dkr.ecr.us-west-1.amazonaws.com/zipline-ai/demo-frontend","tags":{},"tags_all":{},"timeouts":null},"sensitive_attributes":[],"private":"eyJlMmJmYjczMC1lY2FhLTExZTYtOGY4OC0zNDM2M2JjN2M0YzAiOnsiZGVsZXRlIjoxMjAwMDAwMDAwMDAwfX0="}]},{"mode":"managed","type":"aws_eks_addon","name":"agent_identity","provider":"provider[\"registry.opentofu.org/hashicorp/aws\"]","instances":[{"schema_version":0,"attributes":{"addon_name":"eks-pod-identity-agent","addon_version":"v1.3.2-eksbuild.2","arn":"arn:aws:eks:us-west-1:345594603419:addon/Zipline-Demo-EKS/eks-pod-identity-agent/44c97053-0332-654b-0d11-5d96465d8f3d","cluster_name":"Zipline-Demo-EKS","configuration_values":"","created_at":"2024-10-31T03:37:10Z","id":"Zipline-Demo-EKS:eks-pod-identity-agent","modified_at":"2024-10-31T03:37:46Z","preserve":null,"resolve_conflicts":null,"resolve_conflicts_on_create":null,"resolve_conflicts_on_update":null,"service_account_role_arn":"","tags":{},"tags_all":{},"timeouts":null},"sensitive_attributes":[],"private":"eyJlMmJmYjczMC1lY2FhLTExZTYtOGY4OC0zNDM2M2JjN2M0YzAiOnsiY3JlYXRlIjoxMjAwMDAwMDAwMDAwLCJkZWxldGUiOjI0MDAwMDAwMDAwMDAsInVwZGF0ZSI6MTIwMDAwMDAwMDAwMH19","dependencies":["aws_eks_cluster.zipline_demo_eks","aws_iam_role.cluster_role","aws_subnet.main","aws_subnet.secondary","aws_vpc.main","data.aws_iam_policy_document.eks_assume_role"]}]},{"mode":"managed","type":"aws_eks_addon","name":"cni","provider":"provider[\"registry.opentofu.org/hashicorp/aws\"]","instances":[{"schema_version":0,"attributes":{"addon_name":"vpc-cni","addon_version":"v1.18.3-eksbuild.2","arn":"arn:aws:eks:us-west-1:345594603419:addon/Zipline-Demo-EKS/vpc-cni/70c97051-ac21-a8f9-9c48-7e6d3d070a37","cluster_name":"Zipline-Demo-EKS","configuration_values":"","created_at":"2024-10-31T03:34:14Z","id":"Zipline-Demo-EKS:vpc-cni","modified_at":"2024-10-31T03:34:53Z","preserve":null,"resolve_conflicts":null,"resolve_conflicts_on_create":null,"resolve_conflicts_on_update":null,"service_account_role_arn":"","tags":{},"tags_all":{},"timeouts":null},"sensitive_attributes":[],"private":"eyJlMmJmYjczMC1lY2FhLTExZTYtOGY4OC0zNDM2M2JjN2M0YzAiOnsiY3JlYXRlIjoxMjAwMDAwMDAwMDAwLCJkZWxldGUiOjI0MDAwMDAwMDAwMDAsInVwZGF0ZSI6MTIwMDAwMDAwMDAwMH19","dependencies":["aws_eks_cluster.zipline_demo_eks","aws_iam_role.cluster_role","aws_subnet.main","aws_subnet.secondary","aws_vpc.main","data.aws_iam_policy_document.eks_assume_role"]}]},{"mode":"managed","type":"aws_eks_addon","name":"coredns","provider":"provider[\"registry.opentofu.org/hashicorp/aws\"]","instances":[{"schema_version":0,"attributes":{"addon_name":"coredns","addon_version":"v1.11.3-eksbuild.1","arn":"arn:aws:eks:us-west-1:345594603419:addon/Zipline-Demo-EKS/coredns/4ac97051-b03e-b23e-baac-cc7d2e392a67","cluster_name":"Zipline-Demo-EKS","configuration_values":"","created_at":"2024-10-31T03:34:16Z","id":"Zipline-Demo-EKS:coredns","modified_at":"2024-10-31T03:35:00Z","preserve":null,"resolve_conflicts":null,"resolve_conflicts_on_create":null,"resolve_conflicts_on_update":null,"service_account_role_arn":"","tags":{},"tags_all":{},"timeouts":null},"sensitive_attributes":[],"private":"eyJlMmJmYjczMC1lY2FhLTExZTYtOGY4OC0zNDM2M2JjN2M0YzAiOnsiY3JlYXRlIjoxMjAwMDAwMDAwMDAwLCJkZWxldGUiOjI0MDAwMDAwMDAwMDAsInVwZGF0ZSI6MTIwMDAwMDAwMDAwMH19","dependencies":["aws_eks_cluster.zipline_demo_eks","aws_iam_role.cluster_role","aws_subnet.main","aws_subnet.secondary","aws_vpc.main","data.aws_iam_policy_document.eks_assume_role"]}]},{"mode":"managed","type":"aws_eks_addon","name":"kube_proxy","provider":"provider[\"registry.opentofu.org/hashicorp/aws\"]","instances":[{"schema_version":0,"attributes":{"addon_name":"kube-proxy","addon_version":"v1.31.0-eksbuild.2","arn":"arn:aws:eks:us-west-1:345594603419:addon/Zipline-Demo-EKS/kube-proxy/c8c97054-be3b-4b1e-9921-cb1a1b49e85b","cluster_name":"Zipline-Demo-EKS","configuration_values":"","created_at":"2024-10-31T03:40:56Z","id":"Zipline-Demo-EKS:kube-proxy","modified_at":"2024-10-31T03:41:34Z","preserve":null,"resolve_conflicts":null,"resolve_conflicts_on_create":null,"resolve_conflicts_on_update":null,"service_account_role_arn":"","tags":{},"tags_all":{},"timeouts":null},"sensitive_attributes":[],"private":"eyJlMmJmYjczMC1lY2FhLTExZTYtOGY4OC0zNDM2M2JjN2M0YzAiOnsiY3JlYXRlIjoxMjAwMDAwMDAwMDAwLCJkZWxldGUiOjI0MDAwMDAwMDAwMDAsInVwZGF0ZSI6MTIwMDAwMDAwMDAwMH19","dependencies":["aws_eks_cluster.zipline_demo_eks","aws_iam_role.cluster_role","aws_subnet.main","aws_subnet.secondary","aws_vpc.main","data.aws_iam_policy_document.eks_assume_role"]}]},{"mode":"managed","type":"aws_eks_cluster","name":"zipline_demo_eks","provider":"provider[\"registry.opentofu.org/hashicorp/aws\"]","instances":[{"schema_version":1,"attributes":{"access_config":[{"authentication_mode":"API_AND_CONFIG_MAP","bootstrap_cluster_creator_admin_permissions":true}],"arn":"arn:aws:eks:us-west-1:345594603419:cluster/Zipline-Demo-EKS","bootstrap_self_managed_addons":false,"certificate_authority":[{"data":"LS0tLS1CRUdJTiBDRVJUSUZJQ0FURS0tLS0tCk1JSURCVENDQWUyZ0F3SUJBZ0lJRERWdUt5eFN5aTB3RFFZSktvWklodmNOQVFFTEJRQXdGVEVUTUJFR0ExVUUKQXhNS2EzVmlaWEp1WlhSbGN6QWVGdzB5TkRFd016RXdNalUxTURWYUZ3MHpOREV3TWprd016QXdNRFZhTUJVeApFekFSQmdOVkJBTVRDbXQxWW1WeWJtVjBaWE13Z2dFaU1BMEdDU3FHU0liM0RRRUJBUVVBQTRJQkR3QXdnZ0VLCkFvSUJBUURNcTAzaWFzKzBYajI2M2hHQlZHVG00dmszV3oySXpQOXBYSVBWWkI1YnBUSHE5T3d5M29oNFYyL3IKYjhQZ0dXMTBEcVRNakdMckVJQ3AvOFhQald1ZXUvQlpzSit5OWlXQ3FvckFENUNWUzFuV04xTlB6TlhwWXg1UgpUL3U1L1pDVkpLYm83NmUrWXhGOUQ0eUc2cjFDT0JNWmllSG4zYUltY3BYNkxDQTJ1VWNMM3RaeEhpWTdNWkZpCnNLaDJxMVdrNUNmdFdPZ09Wa0xXU09mYXIwYVNpWGhXZUZGK2wrUjhrYVhjVEJPWnJ4VW83RE12SURIS2VPQTcKYVRMOFljeVNhVGN6MzkrWXEwU2VqRitsUnVLVnlJOHNPeGtMT2ROeEpwVFJmZ0gwcjk5ZkRMcUh0bW13azFmaAo2QW45NTdYaWJEZUMxWWZFcUU1Mk90bXk1WjFUQWdNQkFBR2pXVEJYTUE0R0ExVWREd0VCL3dRRUF3SUNwREFQCkJnTlZIUk1CQWY4RUJUQURBUUgvTUIwR0ExVWREZ1FXQkJTa2dVWVpMUXcwWnp2UUZ5MWcxZjZwRCt2UzNUQVYKQmdOVkhSRUVEakFNZ2dwcmRXSmxjbTVsZEdWek1BMEdDU3FHU0liM0RRRUJDd1VBQTRJQkFRQVRUT1RGdG1XYgp3YTFCdjVhTDJRTXpaVXBqMExOc1N5YlFXNU4rWlFTaXNzK2tzSDYrSUhCRG1Xa3o4L29hUXk2SnVjTk1PbnkvCmVaMDlmcFZ3VzNJY0V3UkNVQkxBK2NmVHR4cXByTUQzTFZoNXdxTm83czBPa0FSRitqK25ZVUVOTFVoWExkMmwKTU1zcWIrcExWQ0JXRUEvdFFBOWxRMzhqdDlHZ1lFdHhHV05MRnIxTitFMmRMT0VRWnpHSHE2QTQwUXpPbzd0bQpZeGUwWGRpV2ZrVitvOGlkTG1hQWZ2WkVlVmh3cmthSTlMN0hma0ZLdkp5TjVsdW9IdFBXMUVWK2U0SEoxN1NSCkdoZWhGaFQzNnlHdEpQSDhwT3ZZdW45RkVkaDhhMFBlMWI3N3dNRFFRSDNHLzQrKzRIc3N6d3ZWODdzSy9YenMKSGtVK3U1TWZPcDkvCi0tLS0tRU5EIENFUlRJRklDQVRFLS0tLS0K"}],"cluster_id":null,"created_at":"2024-10-31T02:56:14Z","enabled_cluster_log_types":["api","audit"],"encryption_config":[],"endpoint":"https://6BBE49DE87A6DF273E22E2673489D863.gr7.us-west-1.eks.amazonaws.com","id":"Zipline-Demo-EKS","identity":[{"oidc":[{"issuer":"https://oidc.eks.us-west-1.amazonaws.com/id/6BBE49DE87A6DF273E22E2673489D863"}]}],"kubernetes_network_config":[{"ip_family":"ipv4","service_ipv4_cidr":"10.100.0.0/16","service_ipv6_cidr":""}],"name":"Zipline-Demo-EKS","outpost_config":[],"platform_version":"eks.6","role_arn":"arn:aws:iam::345594603419:role/Zipline-Demo-Role","status":"ACTIVE","tags":{"alpha.eksctl.io/cluster-oidc-enabled":"true"},"tags_all":{"alpha.eksctl.io/cluster-oidc-enabled":"true"},"timeouts":null,"upgrade_policy":[{"support_type":"STANDARD"}],"version":"1.31","vpc_config":[{"cluster_security_group_id":"sg-04b5c9fa047e43e32","endpoint_private_access":true,"endpoint_public_access":true,"public_access_cidrs":["0.0.0.0/0"],"security_group_ids":[],"subnet_ids":["subnet-034ffa0367cb70851","subnet-09b59597f1238c826"],"vpc_id":"vpc-0fec92ccb3fce9ab1"}],"zonal_shift_config":[]},"sensitive_attributes":[],"private":"eyJlMmJmYjczMC1lY2FhLTExZTYtOGY4OC0zNDM2M2JjN2M0YzAiOnsiY3JlYXRlIjoxODAwMDAwMDAwMDAwLCJkZWxldGUiOjkwMDAwMDAwMDAwMCwidXBkYXRlIjozNjAwMDAwMDAwMDAwfSwic2NoZW1hX3ZlcnNpb24iOiIxIn0=","dependencies":["aws_iam_role.cluster_role","aws_subnet.main","aws_subnet.secondary","aws_vpc.main","data.aws_iam_policy_document.eks_assume_role"]}]},{"mode":"managed","type":"aws_eks_node_group","name":"demo_arm_spot_node_group","provider":"provider[\"registry.opentofu.org/hashicorp/aws\"]","instances":[{"schema_version":0,"attributes":{"ami_type":"AL2_ARM_64","arn":"arn:aws:eks:us-west-1:345594603419:nodegroup/Zipline-Demo-EKS/demo-arm-spot-node-group/4cc97043-a139-5dd8-7d26-472424f32e17","capacity_type":"SPOT","cluster_name":"Zipline-Demo-EKS","disk_size":20,"force_update_version":null,"id":"Zipline-Demo-EKS:demo-arm-spot-node-group","instance_types":["m6g.medium"],"labels":{},"launch_template":[],"node_group_name":"demo-arm-spot-node-group","node_group_name_prefix":"","node_role_arn":"arn:aws:iam::345594603419:role/initial-ec2-role","release_version":"1.31.0-20241024","remote_access":[],"resources":[{"autoscaling_groups":[{"name":"eks-demo-arm-spot-node-group-4cc97043-a139-5dd8-7d26-472424f32e17"}],"remote_access_security_group_id":""}],"scaling_config":[{"desired_size":2,"max_size":2,"min_size":2}],"status":"ACTIVE","subnet_ids":["subnet-034ffa0367cb70851","subnet-09b59597f1238c826"],"tags":{},"tags_all":{},"taint":[],"timeouts":null,"update_config":[{"max_unavailable":1,"max_unavailable_percentage":0}],"version":"1.31"},"sensitive_attributes":[],"private":"eyJlMmJmYjczMC1lY2FhLTExZTYtOGY4OC0zNDM2M2JjN2M0YzAiOnsiY3JlYXRlIjozNjAwMDAwMDAwMDAwLCJkZWxldGUiOjM2MDAwMDAwMDAwMDAsInVwZGF0ZSI6MzYwMDAwMDAwMDAwMH19","dependencies":["aws_eks_cluster.zipline_demo_eks","aws_iam_role.cluster_role","aws_iam_role.ec2_role","aws_iam_role_policy_attachment.AmazonDynamoDBFullAccess","aws_iam_role_policy_attachment.AmazonEC2ContainerRegistryReadOnly","aws_iam_role_policy_attachment.AmazonEKSWorkerNodePolicy","aws_iam_role_policy_attachment.AmazonEKS_CNI_Policy","aws_iam_role_policy_attachment.AmazonEMRFullAccessPolicy_v2","aws_subnet.main","aws_subnet.secondary","aws_vpc.main","data.aws_iam_policy_document.ec2_assume_role","data.aws_iam_policy_document.eks_assume_role"]}]},{"mode":"managed","type":"aws_iam_role","name":"cluster_role","provider":"provider[\"registry.opentofu.org/hashicorp/aws\"]","instances":[{"schema_version":0,"attributes":{"arn":"arn:aws:iam::345594603419:role/Zipline-Demo-Role","assume_role_policy":"{\"Statement\":[{\"Action\":\"sts:AssumeRole\",\"Effect\":\"Allow\",\"Principal\":{\"Service\":\"eks.amazonaws.com\"}}],\"Version\":\"2012-10-17\"}","create_date":"2024-10-31T02:56:11Z","description":"Allows the cluster Kubernetes control plane to manage AWS resources on your behalf.","force_detach_policies":false,"id":"Zipline-Demo-Role","inline_policy":[{"name":"iam_eks_access_entry_policy","policy":"{\"Version\":\"2012-10-17\",\"Statement\":[{\"Action\":[\"eks:ListAssociatedAccessPolicies\",\"eks:DisassociateAccessPolicy\",\"eks:DescribeAccessEntry\",\"eks:DeleteAccessEntry\",\"eks:CreateAccessEntry\",\"eks:AssociateAccessPolicy\"],\"Effect\":\"Allow\",\"Resource\":\"*\"}]}"}],"managed_policy_arns":["arn:aws:iam::aws:policy/AmazonEKSClusterPolicy"],"max_session_duration":3600,"name":"Zipline-Demo-Role","name_prefix":"","path":"/","permissions_boundary":"","tags":{},"tags_all":{},"unique_id":"AROAVA5YLE6N6DYZFXKG6"},"sensitive_attributes":[],"private":"bnVsbA==","dependencies":["data.aws_iam_policy_document.eks_assume_role"]}]},{"mode":"managed","type":"aws_iam_role","name":"ec2_role","provider":"provider[\"registry.opentofu.org/hashicorp/aws\"]","instances":[{"schema_version":0,"attributes":{"arn":"arn:aws:iam::345594603419:role/initial-ec2-role","assume_role_policy":"{\"Statement\":[{\"Action\":\"sts:AssumeRole\",\"Effect\":\"Allow\",\"Principal\":{\"Service\":\"ec2.amazonaws.com\"}}],\"Version\":\"2012-10-17\"}","create_date":"2024-10-31T02:56:11Z","description":"","force_detach_policies":false,"id":"initial-ec2-role","inline_policy":[],"managed_policy_arns":["arn:aws:iam::aws:policy/AmazonDynamoDBFullAccess","arn:aws:iam::aws:policy/AmazonEC2ContainerRegistryReadOnly","arn:aws:iam::aws:policy/AmazonEKSWorkerNodePolicy","arn:aws:iam::aws:policy/AmazonEKS_CNI_Policy","arn:aws:iam::aws:policy/AmazonEMRFullAccessPolicy_v2"],"max_session_duration":3600,"name":"initial-ec2-role","name_prefix":"","path":"/","permissions_boundary":"","tags":{},"tags_all":{},"unique_id":"AROAVA5YLE6NREMOZUJWL"},"sensitive_attributes":[],"private":"bnVsbA==","dependencies":["data.aws_iam_policy_document.ec2_assume_role"]}]},{"mode":"managed","type":"aws_iam_role_policy","name":"iam_eks_access_entry_policy","provider":"provider[\"registry.opentofu.org/hashicorp/aws\"]","instances":[{"schema_version":0,"attributes":{"id":"Zipline-Demo-Role:iam_eks_access_entry_policy","name":"iam_eks_access_entry_policy","name_prefix":"","policy":"{\"Version\":\"2012-10-17\",\"Statement\":[{\"Action\":[\"eks:ListAssociatedAccessPolicies\",\"eks:DisassociateAccessPolicy\",\"eks:DescribeAccessEntry\",\"eks:DeleteAccessEntry\",\"eks:CreateAccessEntry\",\"eks:AssociateAccessPolicy\"],\"Effect\":\"Allow\",\"Resource\":\"*\"}]}","role":"Zipline-Demo-Role"},"sensitive_attributes":[],"private":"bnVsbA==","dependencies":["aws_iam_role.cluster_role","data.aws_iam_policy_document.eks_assume_role","data.aws_iam_policy_document.iam_eks_access_entry_policy"]}]},{"mode":"managed","type":"aws_iam_role_policy_attachment","name":"AmazonDynamoDBFullAccess","provider":"provider[\"registry.opentofu.org/hashicorp/aws\"]","instances":[{"schema_version":0,"attributes":{"id":"initial-ec2-role-20241031025612567200000004","policy_arn":"arn:aws:iam::aws:policy/AmazonDynamoDBFullAccess","role":"initial-ec2-role"},"sensitive_attributes":[],"private":"bnVsbA==","dependencies":["aws_iam_role.ec2_role","data.aws_iam_policy_document.ec2_assume_role"]}]},{"mode":"managed","type":"aws_iam_role_policy_attachment","name":"AmazonEC2ContainerRegistryReadOnly","provider":"provider[\"registry.opentofu.org/hashicorp/aws\"]","instances":[{"schema_version":0,"attributes":{"id":"initial-ec2-role-20241031025612841800000007","policy_arn":"arn:aws:iam::aws:policy/AmazonEC2ContainerRegistryReadOnly","role":"initial-ec2-role"},"sensitive_attributes":[],"private":"bnVsbA==","dependencies":["aws_iam_role.ec2_role","data.aws_iam_policy_document.ec2_assume_role"]}]},{"mode":"managed","type":"aws_iam_role_policy_attachment","name":"AmazonEKSClusterPolicy","provider":"provider[\"registry.opentofu.org/hashicorp/aws\"]","instances":[{"schema_version":0,"attributes":{"id":"Zipline-Demo-Role-20241031025612469000000002","policy_arn":"arn:aws:iam::aws:policy/AmazonEKSClusterPolicy","role":"Zipline-Demo-Role"},"sensitive_attributes":[],"private":"bnVsbA==","dependencies":["aws_iam_role.cluster_role","data.aws_iam_policy_document.eks_assume_role"]}]},{"mode":"managed","type":"aws_iam_role_policy_attachment","name":"AmazonEKSWorkerNodePolicy","provider":"provider[\"registry.opentofu.org/hashicorp/aws\"]","instances":[{"schema_version":0,"attributes":{"id":"initial-ec2-role-20241031025612523400000003","policy_arn":"arn:aws:iam::aws:policy/AmazonEKSWorkerNodePolicy","role":"initial-ec2-role"},"sensitive_attributes":[],"private":"bnVsbA==","dependencies":["aws_iam_role.ec2_role","data.aws_iam_policy_document.ec2_assume_role"]}]},{"mode":"managed","type":"aws_iam_role_policy_attachment","name":"AmazonEKS_CNI_Policy","provider":"provider[\"registry.opentofu.org/hashicorp/aws\"]","instances":[{"schema_version":0,"attributes":{"id":"initial-ec2-role-20241031025612790200000006","policy_arn":"arn:aws:iam::aws:policy/AmazonEKS_CNI_Policy","role":"initial-ec2-role"},"sensitive_attributes":[],"private":"bnVsbA==","dependencies":["aws_iam_role.ec2_role","data.aws_iam_policy_document.ec2_assume_role"]}]},{"mode":"managed","type":"aws_iam_role_policy_attachment","name":"AmazonEMRFullAccessPolicy_v2","provider":"provider[\"registry.opentofu.org/hashicorp/aws\"]","instances":[{"schema_version":0,"attributes":{"id":"initial-ec2-role-20241031025612617500000005","policy_arn":"arn:aws:iam::aws:policy/AmazonEMRFullAccessPolicy_v2","role":"initial-ec2-role"},"sensitive_attributes":[],"private":"bnVsbA==","dependencies":["aws_iam_role.ec2_role","data.aws_iam_policy_document.ec2_assume_role"]}]},{"mode":"managed","type":"aws_internet_gateway","name":"gw","provider":"provider[\"registry.opentofu.org/hashicorp/aws\"]","instances":[{"schema_version":0,"attributes":{"arn":"arn:aws:ec2:us-west-1:345594603419:internet-gateway/igw-0924f1379440aeb06","id":"igw-0924f1379440aeb06","owner_id":"345594603419","tags":{},"tags_all":{},"timeouts":null,"vpc_id":"vpc-0fec92ccb3fce9ab1"},"sensitive_attributes":[],"private":"eyJlMmJmYjczMC1lY2FhLTExZTYtOGY4OC0zNDM2M2JjN2M0YzAiOnsiY3JlYXRlIjoxMjAwMDAwMDAwMDAwLCJkZWxldGUiOjEyMDAwMDAwMDAwMDAsInVwZGF0ZSI6MTIwMDAwMDAwMDAwMH0sInNjaGVtYV92ZXJzaW9uIjoiMCJ9","dependencies":["aws_vpc.main"]}]},{"mode":"managed","type":"aws_main_route_table_association","name":"a","provider":"provider[\"registry.opentofu.org/hashicorp/aws\"]","instances":[{"schema_version":0,"attributes":{"id":"rtbassoc-04c18fd420569ffd1","original_route_table_id":"rtb-019282a8dc23e032e","route_table_id":"rtb-019282a8dc23e032e","timeouts":null,"vpc_id":"vpc-0fec92ccb3fce9ab1"},"sensitive_attributes":[],"private":"eyJlMmJmYjczMC1lY2FhLTExZTYtOGY4OC0zNDM2M2JjN2M0YzAiOnsiY3JlYXRlIjozMDAwMDAwMDAwMDAsImRlbGV0ZSI6MzAwMDAwMDAwMDAwLCJ1cGRhdGUiOjEyMDAwMDAwMDAwMH19","dependencies":["aws_internet_gateway.gw","aws_route_table.r","aws_vpc.main"]}]},{"mode":"managed","type":"aws_route_table","name":"r","provider":"provider[\"registry.opentofu.org/hashicorp/aws\"]","instances":[{"schema_version":0,"attributes":{"arn":"arn:aws:ec2:us-west-1:345594603419:route-table/rtb-019282a8dc23e032e","id":"rtb-019282a8dc23e032e","owner_id":"345594603419","propagating_vgws":[],"route":[{"carrier_gateway_id":"","cidr_block":"0.0.0.0/0","core_network_arn":"","destination_prefix_list_id":"","egress_only_gateway_id":"","gateway_id":"igw-0924f1379440aeb06","ipv6_cidr_block":"","local_gateway_id":"","nat_gateway_id":"","network_interface_id":"","transit_gateway_id":"","vpc_endpoint_id":"","vpc_peering_connection_id":""}],"tags":{},"tags_all":{},"timeouts":null,"vpc_id":"vpc-0fec92ccb3fce9ab1"},"sensitive_attributes":[],"private":"eyJlMmJmYjczMC1lY2FhLTExZTYtOGY4OC0zNDM2M2JjN2M0YzAiOnsiY3JlYXRlIjozMDAwMDAwMDAwMDAsImRlbGV0ZSI6MzAwMDAwMDAwMDAwLCJ1cGRhdGUiOjEyMDAwMDAwMDAwMH0sInNjaGVtYV92ZXJzaW9uIjoiMCJ9","dependencies":["aws_internet_gateway.gw","aws_vpc.main"]}]},{"mode":"managed","type":"aws_security_group","name":"allow_access","provider":"provider[\"registry.opentofu.org/hashicorp/aws\"]","instances":[{"schema_version":1,"attributes":{"arn":"arn:aws:ec2:us-west-1:345594603419:security-group/sg-0f0e1640d21ffdcf0","description":"EKS created security group applied to ENI that is attached to EKS Control Plane master nodes, as well as any managed workloads.","egress":[{"cidr_blocks":["0.0.0.0/0"],"description":"","from_port":0,"ipv6_cidr_blocks":[],"prefix_list_ids":[],"protocol":"-1","security_groups":[],"self":false,"to_port":0}],"id":"sg-0f0e1640d21ffdcf0","ingress":[{"cidr_blocks":[],"description":"","from_port":-1,"ipv6_cidr_blocks":[],"prefix_list_ids":[],"protocol":"icmp","security_groups":[],"self":true,"to_port":-1},{"cidr_blocks":[],"description":"","from_port":0,"ipv6_cidr_blocks":[],"prefix_list_ids":[],"protocol":"-1","security_groups":["sg-039a70667da58468e"],"self":true,"to_port":0},{"cidr_blocks":[],"description":"","from_port":0,"ipv6_cidr_blocks":[],"prefix_list_ids":[],"protocol":"tcp","security_groups":[],"self":true,"to_port":65535},{"cidr_blocks":[],"description":"","from_port":0,"ipv6_cidr_blocks":[],"prefix_list_ids":[],"protocol":"udp","security_groups":[],"self":true,"to_port":65535},{"cidr_blocks":[],"description":"","from_port":8443,"ipv6_cidr_blocks":[],"prefix_list_ids":["pl-01a74268"],"protocol":"tcp","security_groups":[],"self":false,"to_port":8443}],"name":"terraform-20241031025613223400000008","name_prefix":"terraform-","owner_id":"345594603419","revoke_rules_on_delete":false,"tags":{"kubernetes.io/cluster/Zipline-Demo-EKS":"owned"},"tags_all":{"kubernetes.io/cluster/Zipline-Demo-EKS":"owned"},"timeouts":null,"vpc_id":"vpc-0fec92ccb3fce9ab1"},"sensitive_attributes":[],"private":"eyJlMmJmYjczMC1lY2FhLTExZTYtOGY4OC0zNDM2M2JjN2M0YzAiOnsiY3JlYXRlIjo2MDAwMDAwMDAwMDAsImRlbGV0ZSI6OTAwMDAwMDAwMDAwfSwic2NoZW1hX3ZlcnNpb24iOiIxIn0=","dependencies":["aws_security_group.elb","aws_subnet.main","aws_vpc.main"]}]},{"mode":"managed","type":"aws_security_group","name":"elb","provider":"provider[\"registry.opentofu.org/hashicorp/aws\"]","instances":[{"schema_version":1,"attributes":{"arn":"arn:aws:ec2:us-west-1:345594603419:security-group/sg-039a70667da58468e","description":"Security group for Kubernetes ELB a58b0ae62f0524d828ae49806a7c03d0 (default/frontend)","egress":[],"id":"sg-039a70667da58468e","ingress":[{"cidr_blocks":["0.0.0.0/0"],"description":"","from_port":3000,"ipv6_cidr_blocks":[],"prefix_list_ids":[],"protocol":"tcp","security_groups":[],"self":false,"to_port":3000},{"cidr_blocks":["0.0.0.0/0"],"description":"","from_port":3,"ipv6_cidr_blocks":[],"prefix_list_ids":[],"protocol":"icmp","security_groups":[],"self":false,"to_port":4}],"name":"terraform-20241031025611560500000001","name_prefix":"terraform-","owner_id":"345594603419","revoke_rules_on_delete":false,"tags":{"kubernetes.io/cluster/zipline_demo_eks":"owned"},"tags_all":{"kubernetes.io/cluster/zipline_demo_eks":"owned"},"timeouts":null,"vpc_id":"vpc-0fec92ccb3fce9ab1"},"sensitive_attributes":[],"private":"eyJlMmJmYjczMC1lY2FhLTExZTYtOGY4OC0zNDM2M2JjN2M0YzAiOnsiY3JlYXRlIjo2MDAwMDAwMDAwMDAsImRlbGV0ZSI6OTAwMDAwMDAwMDAwfSwic2NoZW1hX3ZlcnNpb24iOiIxIn0=","dependencies":["aws_vpc.main"]}]},{"mode":"managed","type":"aws_subnet","name":"main","provider":"provider[\"registry.opentofu.org/hashicorp/aws\"]","instances":[{"schema_version":1,"attributes":{"arn":"arn:aws:ec2:us-west-1:345594603419:subnet/subnet-034ffa0367cb70851","assign_ipv6_address_on_creation":false,"availability_zone":"us-west-1a","availability_zone_id":"usw1-az3","cidr_block":"172.31.0.0/20","customer_owned_ipv4_pool":"","enable_dns64":false,"enable_lni_at_device_index":0,"enable_resource_name_dns_a_record_on_launch":false,"enable_resource_name_dns_aaaa_record_on_launch":false,"id":"subnet-034ffa0367cb70851","ipv6_cidr_block":"","ipv6_cidr_block_association_id":"","ipv6_native":false,"map_customer_owned_ip_on_launch":false,"map_public_ip_on_launch":true,"outpost_arn":"","owner_id":"345594603419","private_dns_hostname_type_on_launch":"ip-name","tags":{},"tags_all":{},"timeouts":null,"vpc_id":"vpc-0fec92ccb3fce9ab1"},"sensitive_attributes":[],"private":"eyJlMmJmYjczMC1lY2FhLTExZTYtOGY4OC0zNDM2M2JjN2M0YzAiOnsiY3JlYXRlIjo2MDAwMDAwMDAwMDAsImRlbGV0ZSI6MTIwMDAwMDAwMDAwMH0sInNjaGVtYV92ZXJzaW9uIjoiMSJ9","dependencies":["aws_vpc.main"]}]},{"mode":"managed","type":"aws_subnet","name":"secondary","provider":"provider[\"registry.opentofu.org/hashicorp/aws\"]","instances":[{"schema_version":1,"attributes":{"arn":"arn:aws:ec2:us-west-1:345594603419:subnet/subnet-09b59597f1238c826","assign_ipv6_address_on_creation":false,"availability_zone":"us-west-1b","availability_zone_id":"usw1-az1","cidr_block":"172.31.16.0/20","customer_owned_ipv4_pool":"","enable_dns64":false,"enable_lni_at_device_index":0,"enable_resource_name_dns_a_record_on_launch":false,"enable_resource_name_dns_aaaa_record_on_launch":false,"id":"subnet-09b59597f1238c826","ipv6_cidr_block":"","ipv6_cidr_block_association_id":"","ipv6_native":false,"map_customer_owned_ip_on_launch":false,"map_public_ip_on_launch":true,"outpost_arn":"","owner_id":"345594603419","private_dns_hostname_type_on_launch":"ip-name","tags":{},"tags_all":{},"timeouts":null,"vpc_id":"vpc-0fec92ccb3fce9ab1"},"sensitive_attributes":[],"private":"eyJlMmJmYjczMC1lY2FhLTExZTYtOGY4OC0zNDM2M2JjN2M0YzAiOnsiY3JlYXRlIjo2MDAwMDAwMDAwMDAsImRlbGV0ZSI6MTIwMDAwMDAwMDAwMH0sInNjaGVtYV92ZXJzaW9uIjoiMSJ9","dependencies":["aws_vpc.main"]}]},{"mode":"managed","type":"aws_vpc","name":"main","provider":"provider[\"registry.opentofu.org/hashicorp/aws\"]","instances":[{"schema_version":1,"attributes":{"arn":"arn:aws:ec2:us-west-1:345594603419:vpc/vpc-0fec92ccb3fce9ab1","assign_generated_ipv6_cidr_block":false,"cidr_block":"172.31.0.0/16","default_network_acl_id":"acl-0d1b7ea79cf549e10","default_route_table_id":"rtb-019282a8dc23e032e","default_security_group_id":"sg-0ea33c224f52d849b","dhcp_options_id":"dopt-005dbcc8b126794ae","enable_dns_hostnames":true,"enable_dns_support":true,"enable_network_address_usage_metrics":false,"id":"vpc-0fec92ccb3fce9ab1","instance_tenancy":"default","ipv4_ipam_pool_id":null,"ipv4_netmask_length":null,"ipv6_association_id":"","ipv6_cidr_block":"","ipv6_cidr_block_network_border_group":"","ipv6_ipam_pool_id":"","ipv6_netmask_length":0,"main_route_table_id":"rtb-019282a8dc23e032e","owner_id":"345594603419","tags":{},"tags_all":{}},"sensitive_attributes":[],"private":"eyJzY2hlbWFfdmVyc2lvbiI6IjEifQ=="}]},{"mode":"managed","type":"aws_vpc_security_group_ingress_rule","name":"icmp","provider":"provider[\"registry.opentofu.org/hashicorp/aws\"]","instances":[{"schema_version":0,"attributes":{"arn":"arn:aws:ec2:us-west-1:345594603419:security-group-rule/sgr-0897207ea8a1275fa","cidr_ipv4":"0.0.0.0/0","cidr_ipv6":null,"description":null,"from_port":3,"id":"sgr-0897207ea8a1275fa","ip_protocol":"icmp","prefix_list_id":null,"referenced_security_group_id":null,"security_group_id":"sg-039a70667da58468e","security_group_rule_id":"sgr-0897207ea8a1275fa","tags":null,"tags_all":{},"to_port":4},"sensitive_attributes":[],"dependencies":["aws_security_group.elb","aws_vpc.main"]}]},{"mode":"managed","type":"aws_vpc_security_group_ingress_rule","name":"tcp","provider":"provider[\"registry.opentofu.org/hashicorp/aws\"]","instances":[{"schema_version":0,"attributes":{"arn":"arn:aws:ec2:us-west-1:345594603419:security-group-rule/sgr-0a65e08fd34e1c64a","cidr_ipv4":"0.0.0.0/0","cidr_ipv6":null,"description":null,"from_port":3000,"id":"sgr-0a65e08fd34e1c64a","ip_protocol":"tcp","prefix_list_id":null,"referenced_security_group_id":null,"security_group_id":"sg-039a70667da58468e","security_group_rule_id":"sgr-0a65e08fd34e1c64a","tags":null,"tags_all":{},"to_port":3000},"sensitive_attributes":[],"dependencies":["aws_security_group.elb","aws_vpc.main"]}]},{"mode":"managed","type":"kubernetes_deployment","name":"app","provider":"provider[\"registry.opentofu.org/hashicorp/kubernetes\"]","instances":[{"schema_version":1,"attributes":{"id":"default/app","metadata":[{"annotations":{},"generate_name":"","generation":5,"labels":{"service":"app"},"name":"app","namespace":"default","resource_version":"1082978","uid":"95ee0e05-6e45-4578-b512-0b3943e2e0ad"}],"spec":[{"min_ready_seconds":0,"paused":false,"progress_deadline_seconds":600,"replicas":"1","revision_history_limit":10,"selector":[{"match_expressions":[],"match_labels":{"service":"app"}}],"strategy":[{"rolling_update":[{"max_surge":"25%","max_unavailable":"25%"}],"type":"RollingUpdate"}],"template":[{"metadata":[{"annotations":{"kubectl.kubernetes.io/restartedAt":"2024-11-04T10:32:36-08:00"},"generate_name":"","generation":0,"labels":{"service":"app"},"name":"","namespace":"","resource_version":"","uid":""}],"spec":[{"active_deadline_seconds":0,"affinity":[],"automount_service_account_token":false,"container":[{"args":[],"command":[],"env":[{"name":"AWS_DEFAULT_REGION","value":"us-west-1","value_from":[]},{"name":"JAVA_OPTS","value":"-Xms1g -Xmx1g","value_from":[]},{"name":"PLAY_HTTP_SECRET_KEY","value":"my_fake_chronon_monitoring_hub_http_secret_key","value_from":[]}],"env_from":[],"image":"345594603419.dkr.ecr.us-west-1.amazonaws.com/zipline-ai/demo-app:latest","image_pull_policy":"Always","lifecycle":[],"liveness_probe":[],"name":"app","port":[{"container_port":9000,"host_ip":"","host_port":0,"name":"","protocol":"TCP"}],"readiness_probe":[],"resources":[{"limits":{},"requests":{}}],"security_context":[],"startup_probe":[],"stdin":false,"stdin_once":false,"termination_message_path":"/dev/termination-log","termination_message_policy":"File","tty":false,"volume_device":[],"volume_mount":[],"working_dir":""}],"dns_config":[],"dns_policy":"ClusterFirst","enable_service_links":false,"host_aliases":[],"host_ipc":false,"host_network":false,"host_pid":false,"hostname":"","image_pull_secrets":[],"init_container":[],"node_name":"","node_selector":{},"os":[],"priority_class_name":"","readiness_gate":[],"restart_policy":"Always","runtime_class_name":"","scheduler_name":"default-scheduler","security_context":[],"service_account_name":"","share_process_namespace":false,"subdomain":"","termination_grace_period_seconds":30,"toleration":[],"topology_spread_constraint":[],"volume":[]}]}]}],"timeouts":null,"wait_for_rollout":null},"sensitive_attributes":[],"private":"eyJlMmJmYjczMC1lY2FhLTExZTYtOGY4OC0zNDM2M2JjN2M0YzAiOnsiY3JlYXRlIjo2MDAwMDAwMDAwMDAsImRlbGV0ZSI6NjAwMDAwMDAwMDAwLCJ1cGRhdGUiOjYwMDAwMDAwMDAwMH0sInNjaGVtYV92ZXJzaW9uIjoiMSJ9"}]},{"mode":"managed","type":"kubernetes_deployment","name":"frontend","provider":"provider[\"registry.opentofu.org/hashicorp/kubernetes\"]","instances":[{"schema_version":1,"attributes":{"id":"default/frontend","metadata":[{"annotations":{},"generate_name":"","generation":2,"labels":{"service":"frontend"},"name":"frontend","namespace":"default","resource_version":"1075776","uid":"aca9baeb-e272-40c3-8db2-59c7a001bb68"}],"spec":[{"min_ready_seconds":0,"paused":false,"progress_deadline_seconds":600,"replicas":"1","revision_history_limit":10,"selector":[{"match_expressions":[],"match_labels":{"service":"frontend"}}],"strategy":[{"rolling_update":[{"max_surge":"25%","max_unavailable":"25%"}],"type":"RollingUpdate"}],"template":[{"metadata":[{"annotations":{"kubectl.kubernetes.io/restartedAt":"2024-11-04T09:50:22-08:00"},"generate_name":"","generation":0,"labels":{"service":"frontend"},"name":"","namespace":"","resource_version":"","uid":""}],"spec":[{"active_deadline_seconds":0,"affinity":[],"automount_service_account_token":false,"container":[{"args":[],"command":[],"env":[{"name":"API_BASE_URL","value":"http://$(APP_SERVICE_HOST):9000","value_from":[]}],"env_from":[],"image":"345594603419.dkr.ecr.us-west-1.amazonaws.com/zipline-ai/demo-frontend:latest","image_pull_policy":"Always","lifecycle":[],"liveness_probe":[],"name":"frontend","port":[{"container_port":3000,"host_ip":"","host_port":0,"name":"","protocol":"TCP"}],"readiness_probe":[],"resources":[{"limits":{},"requests":{}}],"security_context":[],"startup_probe":[],"stdin":false,"stdin_once":false,"termination_message_path":"/dev/termination-log","termination_message_policy":"File","tty":false,"volume_device":[],"volume_mount":[],"working_dir":""}],"dns_config":[],"dns_policy":"ClusterFirst","enable_service_links":false,"host_aliases":[],"host_ipc":false,"host_network":false,"host_pid":false,"hostname":"","image_pull_secrets":[],"init_container":[],"node_name":"","node_selector":{},"os":[],"priority_class_name":"","readiness_gate":[],"restart_policy":"Always","runtime_class_name":"","scheduler_name":"default-scheduler","security_context":[],"service_account_name":"","share_process_namespace":false,"subdomain":"","termination_grace_period_seconds":30,"toleration":[],"topology_spread_constraint":[],"volume":[]}]}]}],"timeouts":null,"wait_for_rollout":null},"sensitive_attributes":[],"private":"eyJlMmJmYjczMC1lY2FhLTExZTYtOGY4OC0zNDM2M2JjN2M0YzAiOnsiY3JlYXRlIjo2MDAwMDAwMDAwMDAsImRlbGV0ZSI6NjAwMDAwMDAwMDAwLCJ1cGRhdGUiOjYwMDAwMDAwMDAwMH0sInNjaGVtYV92ZXJzaW9uIjoiMSJ9"}]},{"mode":"managed","type":"kubernetes_service","name":"app","provider":"provider[\"registry.opentofu.org/hashicorp/kubernetes\"]","instances":[{"schema_version":1,"attributes":{"id":"default/app","metadata":[{"annotations":{},"generate_name":"","generation":0,"labels":{"service":"app"},"name":"app","namespace":"default","resource_version":"1382","uid":"8f7f2ad1-1c29-4acd-a3d5-4db87d036b08"}],"spec":[{"allocate_load_balancer_node_ports":true,"cluster_ip":"10.100.19.16","cluster_ips":["10.100.19.16"],"external_ips":[],"external_name":"","external_traffic_policy":"","health_check_node_port":0,"internal_traffic_policy":"Cluster","ip_families":["IPv4"],"ip_family_policy":"SingleStack","load_balancer_class":"","load_balancer_ip":"","load_balancer_source_ranges":[],"port":[{"app_protocol":"","name":"9000","node_port":0,"port":9000,"protocol":"TCP","target_port":"9000"}],"publish_not_ready_addresses":false,"selector":{"service":"app"},"session_affinity":"None","session_affinity_config":[],"type":"ClusterIP"}],"status":[{"load_balancer":[{"ingress":[]}]}],"timeouts":null,"wait_for_load_balancer":null},"sensitive_attributes":[],"private":"eyJlMmJmYjczMC1lY2FhLTExZTYtOGY4OC0zNDM2M2JjN2M0YzAiOnsiY3JlYXRlIjo2MDAwMDAwMDAwMDB9LCJzY2hlbWFfdmVyc2lvbiI6IjEifQ=="}]},{"mode":"managed","type":"kubernetes_service","name":"frontend","provider":"provider[\"registry.opentofu.org/hashicorp/kubernetes\"]","instances":[{"schema_version":1,"attributes":{"id":"default/frontend","metadata":[{"annotations":{},"generate_name":"","generation":0,"labels":{"service":"frontend"},"name":"frontend","namespace":"default","resource_version":"1425","uid":"8d469755-5ad3-4da9-b8ea-86f5fac346e5"}],"spec":[{"allocate_load_balancer_node_ports":true,"cluster_ip":"10.100.250.238","cluster_ips":["10.100.250.238"],"external_ips":[],"external_name":"","external_traffic_policy":"Cluster","health_check_node_port":0,"internal_traffic_policy":"Cluster","ip_families":["IPv4"],"ip_family_policy":"SingleStack","load_balancer_class":"","load_balancer_ip":"","load_balancer_source_ranges":[],"port":[{"app_protocol":"","name":"3000","node_port":31602,"port":3000,"protocol":"TCP","target_port":"3000"}],"publish_not_ready_addresses":false,"selector":{"service":"frontend"},"session_affinity":"None","session_affinity_config":[],"type":"LoadBalancer"}],"status":[{"load_balancer":[{"ingress":[{"hostname":"a8d4697555ad34da9b8ea86f5fac346e-182003401.us-west-1.elb.amazonaws.com","ip":""}]}]}],"timeouts":null,"wait_for_load_balancer":null},"sensitive_attributes":[],"private":"eyJlMmJmYjczMC1lY2FhLTExZTYtOGY4OC0zNDM2M2JjN2M0YzAiOnsiY3JlYXRlIjo2MDAwMDAwMDAwMDB9LCJzY2hlbWFfdmVyc2lvbiI6IjEifQ=="}]}],"check_results":null}
